// !$*UTF8*$!
{
	archiveVersion = 1;
	classes = {
	};
	objectVersion = 77;
	objects = {

/* Begin PBXBuildFile section */
		1F041C732EA2A74500ED403A /* SwiftTerm in Frameworks */ = {isa = PBXBuildFile; productRef = 1F041C722EA2A74500ED403A /* SwiftTerm */; };
		1FDCB3BE2EB1745A002866F1 /* SpotlightView in Frameworks */ = {isa = PBXBuildFile; productRef = 1FDCB3BD2EB1745A002866F1 /* SpotlightView */; };
		1FE758302EACBC79007E1897 /* CodeEditSourceEditor in Frameworks */ = {isa = PBXBuildFile; productRef = 1FE7582F2EACBC79007E1897 /* CodeEditSourceEditor */; };
		EA29A30D2EB169AB007EB92F /* SegmentedFlowPicker in Frameworks */ = {isa = PBXBuildFile; productRef = EA29A30C2EB169AB007EB92F /* SegmentedFlowPicker */; };
		EA9BB1EF2EBA0DDF00EC182D /* LanguageServer in Frameworks */ = {isa = PBXBuildFile; productRef = EA9BB1EE2EBA0DDF00EC182D /* LanguageServer */; };
		EA9BB1F22EBA0DEB00EC182D /* LanguageClient in Frameworks */ = {isa = PBXBuildFile; productRef = EA9BB1F12EBA0DEB00EC182D /* LanguageClient */; };
		EA9BB1F52EBA0DF300EC182D /* JSONRPC in Frameworks */ = {isa = PBXBuildFile; productRef = EA9BB1F42EBA0DF300EC182D /* JSONRPC */; };
		EA9BB1F82EBA0DFA00EC182D /* LanguageServerProtocol in Frameworks */ = {isa = PBXBuildFile; productRef = EA9BB1F72EBA0DFA00EC182D /* LanguageServerProtocol */; };
/* End PBXBuildFile section */

/* Begin PBXFileReference section */
		1FD053182E9ED36F00D734FD /* Aste-RISC.app */ = {isa = PBXFileReference; explicitFileType = wrapper.application; includeInIndex = 0; path = "Aste-RISC.app"; sourceTree = BUILT_PRODUCTS_DIR; };
/* End PBXFileReference section */

/* Begin PBXFileSystemSynchronizedRootGroup section */
		1FD0531A2E9ED36F00D734FD /* Aste-RISC */ = {
			isa = PBXFileSystemSynchronizedRootGroup;
			path = "Aste-RISC";
			sourceTree = "<group>";
		};
/* End PBXFileSystemSynchronizedRootGroup section */

/* Begin PBXFrameworksBuildPhase section */
		1FD053152E9ED36F00D734FD /* Frameworks */ = {
			isa = PBXFrameworksBuildPhase;
			buildActionMask = 2147483647;
			files = (
				1FDCB3BE2EB1745A002866F1 /* SpotlightView in Frameworks */,
				EA9BB1EF2EBA0DDF00EC182D /* LanguageServer in Frameworks */,
				1FE758302EACBC79007E1897 /* CodeEditSourceEditor in Frameworks */,
				EA9BB1F82EBA0DFA00EC182D /* LanguageServerProtocol in Frameworks */,
				EA9BB1F52EBA0DF300EC182D /* JSONRPC in Frameworks */,
				EA29A30D2EB169AB007EB92F /* SegmentedFlowPicker in Frameworks */,
				1F041C732EA2A74500ED403A /* SwiftTerm in Frameworks */,
				EA9BB1F22EBA0DEB00EC182D /* LanguageClient in Frameworks */,
			);
			runOnlyForDeploymentPostprocessing = 0;
		};
/* End PBXFrameworksBuildPhase section */

/* Begin PBXGroup section */
		1FD0530F2E9ED36F00D734FD = {
			isa = PBXGroup;
			children = (
				1FD0531A2E9ED36F00D734FD /* Aste-RISC */,
				EA29A30A2EB16971007EB92F /* Frameworks */,
				1FD053192E9ED36F00D734FD /* Products */,
			);
			sourceTree = "<group>";
		};
		1FD053192E9ED36F00D734FD /* Products */ = {
			isa = PBXGroup;
			children = (
				1FD053182E9ED36F00D734FD /* Aste-RISC.app */,
			);
			name = Products;
			sourceTree = "<group>";
		};
		EA29A30A2EB16971007EB92F /* Frameworks */ = {
			isa = PBXGroup;
			children = (
			);
			name = Frameworks;
			sourceTree = "<group>";
		};
/* End PBXGroup section */

/* Begin PBXNativeTarget section */
		1FD053172E9ED36F00D734FD /* Aste-RISC */ = {
			isa = PBXNativeTarget;
			buildConfigurationList = 1FD053232E9ED37100D734FD /* Build configuration list for PBXNativeTarget "Aste-RISC" */;
			buildPhases = (
				1FD053142E9ED36F00D734FD /* Sources */,
				1FD053152E9ED36F00D734FD /* Frameworks */,
				1FD053162E9ED36F00D734FD /* Resources */,
			);
			buildRules = (
			);
			dependencies = (
			);
			fileSystemSynchronizedGroups = (
				1FD0531A2E9ED36F00D734FD /* Aste-RISC */,
			);
			name = "Aste-RISC";
			packageProductDependencies = (
				1F041C722EA2A74500ED403A /* SwiftTerm */,
				1FE7582F2EACBC79007E1897 /* CodeEditSourceEditor */,
				EA29A30C2EB169AB007EB92F /* SegmentedFlowPicker */,
				1FDCB3BD2EB1745A002866F1 /* SpotlightView */,
				EA9BB1EE2EBA0DDF00EC182D /* LanguageServer */,
				EA9BB1F12EBA0DEB00EC182D /* LanguageClient */,
				EA9BB1F42EBA0DF300EC182D /* JSONRPC */,
				EA9BB1F72EBA0DFA00EC182D /* LanguageServerProtocol */,
			);
			productName = RISKit;
			productReference = 1FD053182E9ED36F00D734FD /* Aste-RISC.app */;
			productType = "com.apple.product-type.application";
		};
/* End PBXNativeTarget section */

/* Begin PBXProject section */
		1FD053102E9ED36F00D734FD /* Project object */ = {
			isa = PBXProject;
			attributes = {
				BuildIndependentTargetsInParallel = 1;
				LastSwiftUpdateCheck = 2600;
				LastUpgradeCheck = 2600;
				TargetAttributes = {
					1FD053172E9ED36F00D734FD = {
						CreatedOnToolsVersion = 26.0.1;
						LastSwiftMigration = 2600;
					};
				};
			};
			buildConfigurationList = 1FD053132E9ED36F00D734FD /* Build configuration list for PBXProject "RISKit" */;
			developmentRegion = en;
			hasScannedForEncodings = 0;
			knownRegions = (
				en,
				Base,
			);
			mainGroup = 1FD0530F2E9ED36F00D734FD;
			minimizedProjectReferenceProxies = 1;
			packageReferences = (
				1F041C712EA2A74500ED403A /* XCRemoteSwiftPackageReference "SwiftTerm" */,
				1FE7582E2EACBC79007E1897 /* XCRemoteSwiftPackageReference "CodeEditSourceEditor" */,
				EA29A30B2EB169AB007EB92F /* XCRemoteSwiftPackageReference "SwiftFlowPicker" */,
				1FDCB3BC2EB1745A002866F1 /* XCRemoteSwiftPackageReference "FileSpotlight" */,
				EA9BB1ED2EBA0DDF00EC182D /* XCRemoteSwiftPackageReference "LanguageServer" */,
				EA9BB1F02EBA0DEB00EC182D /* XCRemoteSwiftPackageReference "LanguageClient" */,
				EA9BB1F32EBA0DF300EC182D /* XCRemoteSwiftPackageReference "JSONRPC" */,
				EA9BB1F62EBA0DFA00EC182D /* XCRemoteSwiftPackageReference "LanguageServerProtocol" */,
			);
			preferredProjectObjectVersion = 77;
			productRefGroup = 1FD053192E9ED36F00D734FD /* Products */;
			projectDirPath = "";
			projectRoot = "";
			targets = (
				1FD053172E9ED36F00D734FD /* Aste-RISC */,
			);
		};
/* End PBXProject section */

/* Begin PBXResourcesBuildPhase section */
		1FD053162E9ED36F00D734FD /* Resources */ = {
			isa = PBXResourcesBuildPhase;
			buildActionMask = 2147483647;
			files = (
			);
			runOnlyForDeploymentPostprocessing = 0;
		};
/* End PBXResourcesBuildPhase section */

/* Begin PBXSourcesBuildPhase section */
		1FD053142E9ED36F00D734FD /* Sources */ = {
			isa = PBXSourcesBuildPhase;
			buildActionMask = 2147483647;
			files = (
			);
			runOnlyForDeploymentPostprocessing = 0;
		};
/* End PBXSourcesBuildPhase section */

/* Begin XCBuildConfiguration section */
		1FD053212E9ED37100D734FD /* Debug */ = {
			isa = XCBuildConfiguration;
			buildSettings = {
				ALWAYS_SEARCH_USER_PATHS = NO;
				ASSETCATALOG_COMPILER_GENERATE_SWIFT_ASSET_SYMBOL_EXTENSIONS = YES;
				CLANG_ANALYZER_NONNULL = YES;
				CLANG_ANALYZER_NUMBER_OBJECT_CONVERSION = YES_AGGRESSIVE;
				CLANG_CXX_LANGUAGE_STANDARD = "gnu++20";
				CLANG_ENABLE_MODULES = YES;
				CLANG_ENABLE_OBJC_ARC = YES;
				CLANG_ENABLE_OBJC_WEAK = YES;
				CLANG_WARN_BLOCK_CAPTURE_AUTORELEASING = YES;
				CLANG_WARN_BOOL_CONVERSION = YES;
				CLANG_WARN_COMMA = YES;
				CLANG_WARN_CONSTANT_CONVERSION = YES;
				CLANG_WARN_DEPRECATED_OBJC_IMPLEMENTATIONS = YES;
				CLANG_WARN_DIRECT_OBJC_ISA_USAGE = YES_ERROR;
				CLANG_WARN_DOCUMENTATION_COMMENTS = YES;
				CLANG_WARN_EMPTY_BODY = YES;
				CLANG_WARN_ENUM_CONVERSION = YES;
				CLANG_WARN_INFINITE_RECURSION = YES;
				CLANG_WARN_INT_CONVERSION = YES;
				CLANG_WARN_NON_LITERAL_NULL_CONVERSION = YES;
				CLANG_WARN_OBJC_IMPLICIT_RETAIN_SELF = YES;
				CLANG_WARN_OBJC_LITERAL_CONVERSION = YES;
				CLANG_WARN_OBJC_ROOT_CLASS = YES_ERROR;
				CLANG_WARN_QUOTED_INCLUDE_IN_FRAMEWORK_HEADER = YES;
				CLANG_WARN_RANGE_LOOP_ANALYSIS = YES;
				CLANG_WARN_STRICT_PROTOTYPES = YES;
				CLANG_WARN_SUSPICIOUS_MOVE = YES;
				CLANG_WARN_UNGUARDED_AVAILABILITY = YES_AGGRESSIVE;
				CLANG_WARN_UNREACHABLE_CODE = YES;
				CLANG_WARN__DUPLICATE_METHOD_MATCH = YES;
				COPY_PHASE_STRIP = NO;
				DEAD_CODE_STRIPPING = YES;
				DEBUG_INFORMATION_FORMAT = dwarf;
				DEVELOPMENT_TEAM = 8KZQJ4JUGS;
				ENABLE_STRICT_OBJC_MSGSEND = YES;
				ENABLE_TESTABILITY = YES;
				ENABLE_USER_SCRIPT_SANDBOXING = YES;
				GCC_C_LANGUAGE_STANDARD = gnu17;
				GCC_DYNAMIC_NO_PIC = NO;
				GCC_NO_COMMON_BLOCKS = YES;
				GCC_OPTIMIZATION_LEVEL = 0;
				GCC_PREPROCESSOR_DEFINITIONS = (
					"DEBUG=1",
					"$(inherited)",
				);
				GCC_WARN_64_TO_32_BIT_CONVERSION = YES;
				GCC_WARN_ABOUT_RETURN_TYPE = YES_ERROR;
				GCC_WARN_UNDECLARED_SELECTOR = YES;
				GCC_WARN_UNINITIALIZED_AUTOS = YES_AGGRESSIVE;
				GCC_WARN_UNUSED_FUNCTION = YES;
				GCC_WARN_UNUSED_VARIABLE = YES;
				LOCALIZATION_PREFERS_STRING_CATALOGS = YES;
				MACOSX_DEPLOYMENT_TARGET = 26.0;
				MTL_ENABLE_DEBUG_INFO = INCLUDE_SOURCE;
				MTL_FAST_MATH = YES;
				ONLY_ACTIVE_ARCH = YES;
				SDKROOT = macosx;
				STRING_CATALOG_GENERATE_SYMBOLS = YES;
				SWIFT_ACTIVE_COMPILATION_CONDITIONS = "DEBUG $(inherited)";
				SWIFT_OPTIMIZATION_LEVEL = "-Onone";
			};
			name = Debug;
		};
		1FD053222E9ED37100D734FD /* Release */ = {
			isa = XCBuildConfiguration;
			buildSettings = {
				ALWAYS_SEARCH_USER_PATHS = NO;
				ASSETCATALOG_COMPILER_GENERATE_SWIFT_ASSET_SYMBOL_EXTENSIONS = YES;
				CLANG_ANALYZER_NONNULL = YES;
				CLANG_ANALYZER_NUMBER_OBJECT_CONVERSION = YES_AGGRESSIVE;
				CLANG_CXX_LANGUAGE_STANDARD = "gnu++20";
				CLANG_ENABLE_MODULES = YES;
				CLANG_ENABLE_OBJC_ARC = YES;
				CLANG_ENABLE_OBJC_WEAK = YES;
				CLANG_WARN_BLOCK_CAPTURE_AUTORELEASING = YES;
				CLANG_WARN_BOOL_CONVERSION = YES;
				CLANG_WARN_COMMA = YES;
				CLANG_WARN_CONSTANT_CONVERSION = YES;
				CLANG_WARN_DEPRECATED_OBJC_IMPLEMENTATIONS = YES;
				CLANG_WARN_DIRECT_OBJC_ISA_USAGE = YES_ERROR;
				CLANG_WARN_DOCUMENTATION_COMMENTS = YES;
				CLANG_WARN_EMPTY_BODY = YES;
				CLANG_WARN_ENUM_CONVERSION = YES;
				CLANG_WARN_INFINITE_RECURSION = YES;
				CLANG_WARN_INT_CONVERSION = YES;
				CLANG_WARN_NON_LITERAL_NULL_CONVERSION = YES;
				CLANG_WARN_OBJC_IMPLICIT_RETAIN_SELF = YES;
				CLANG_WARN_OBJC_LITERAL_CONVERSION = YES;
				CLANG_WARN_OBJC_ROOT_CLASS = YES_ERROR;
				CLANG_WARN_QUOTED_INCLUDE_IN_FRAMEWORK_HEADER = YES;
				CLANG_WARN_RANGE_LOOP_ANALYSIS = YES;
				CLANG_WARN_STRICT_PROTOTYPES = YES;
				CLANG_WARN_SUSPICIOUS_MOVE = YES;
				CLANG_WARN_UNGUARDED_AVAILABILITY = YES_AGGRESSIVE;
				CLANG_WARN_UNREACHABLE_CODE = YES;
				CLANG_WARN__DUPLICATE_METHOD_MATCH = YES;
				COPY_PHASE_STRIP = NO;
				DEAD_CODE_STRIPPING = YES;
				DEBUG_INFORMATION_FORMAT = "dwarf-with-dsym";
				DEVELOPMENT_TEAM = 8KZQJ4JUGS;
				ENABLE_NS_ASSERTIONS = NO;
				ENABLE_STRICT_OBJC_MSGSEND = YES;
				ENABLE_USER_SCRIPT_SANDBOXING = YES;
				GCC_C_LANGUAGE_STANDARD = gnu17;
				GCC_NO_COMMON_BLOCKS = YES;
				GCC_WARN_64_TO_32_BIT_CONVERSION = YES;
				GCC_WARN_ABOUT_RETURN_TYPE = YES_ERROR;
				GCC_WARN_UNDECLARED_SELECTOR = YES;
				GCC_WARN_UNINITIALIZED_AUTOS = YES_AGGRESSIVE;
				GCC_WARN_UNUSED_FUNCTION = YES;
				GCC_WARN_UNUSED_VARIABLE = YES;
				LOCALIZATION_PREFERS_STRING_CATALOGS = YES;
				MACOSX_DEPLOYMENT_TARGET = 26.0;
				MTL_ENABLE_DEBUG_INFO = NO;
				MTL_FAST_MATH = YES;
				SDKROOT = macosx;
				STRING_CATALOG_GENERATE_SYMBOLS = YES;
				SWIFT_COMPILATION_MODE = wholemodule;
			};
			name = Release;
		};
		1FD053242E9ED37100D734FD /* Debug */ = {
			isa = XCBuildConfiguration;
			buildSettings = {
				ASSETCATALOG_COMPILER_APPICON_NAME = AppIcon;
				ASSETCATALOG_COMPILER_GLOBAL_ACCENT_COLOR_NAME = AccentColor;
				CLANG_ENABLE_MODULES = YES;
				CODE_SIGN_STYLE = Automatic;
				COMBINE_HIDPI_IMAGES = YES;
				CURRENT_PROJECT_VERSION = 1;
				DEAD_CODE_STRIPPING = YES;
				DEVELOPMENT_TEAM = 8KZQJ4JUGS;
				ENABLE_APP_SANDBOX = NO;
				ENABLE_HARDENED_RUNTIME = YES;
				ENABLE_PREVIEWS = YES;
				GENERATE_INFOPLIST_FILE = YES;
				INFOPLIST_KEY_CFBundleDisplayName = "Aste-RISC";
				INFOPLIST_KEY_LSApplicationCategoryType = "public.app-category.developer-tools";
				INFOPLIST_KEY_NSHumanReadableCopyright = "";
				LD_RUNPATH_SEARCH_PATHS = (
					"$(inherited)",
					"@executable_path/../Frameworks",
				);
				MARKETING_VERSION = 1.0;
				PRODUCT_BUNDLE_IDENTIFIER = "com.hylo.Aste-RISC";
				PRODUCT_NAME = "$(TARGET_NAME)";
				REGISTER_APP_GROUPS = YES;
				STRING_CATALOG_GENERATE_SYMBOLS = YES;
				SWIFT_APPROACHABLE_CONCURRENCY = YES;
				SWIFT_DEFAULT_ACTOR_ISOLATION = MainActor;
				SWIFT_EMIT_LOC_STRINGS = YES;
				SWIFT_OBJC_BRIDGING_HEADER = "Aste-RISC/Aste-RISC-Bridging-Header.h";
				SWIFT_OPTIMIZATION_LEVEL = "-Onone";
				SWIFT_UPCOMING_FEATURE_MEMBER_IMPORT_VISIBILITY = YES;
				SWIFT_VERSION = 5.0;
			};
			name = Debug;
		};
		1FD053252E9ED37100D734FD /* Release */ = {
			isa = XCBuildConfiguration;
			buildSettings = {
				ASSETCATALOG_COMPILER_APPICON_NAME = AppIcon;
				ASSETCATALOG_COMPILER_GLOBAL_ACCENT_COLOR_NAME = AccentColor;
				CLANG_ENABLE_MODULES = YES;
				CODE_SIGN_STYLE = Automatic;
				COMBINE_HIDPI_IMAGES = YES;
				CURRENT_PROJECT_VERSION = 1;
				DEAD_CODE_STRIPPING = YES;
				DEVELOPMENT_TEAM = 8KZQJ4JUGS;
				ENABLE_APP_SANDBOX = NO;
				ENABLE_HARDENED_RUNTIME = YES;
				ENABLE_PREVIEWS = YES;
				GENERATE_INFOPLIST_FILE = YES;
				INFOPLIST_KEY_CFBundleDisplayName = "Aste-RISC";
				INFOPLIST_KEY_LSApplicationCategoryType = "public.app-category.developer-tools";
				INFOPLIST_KEY_NSHumanReadableCopyright = "";
				LD_RUNPATH_SEARCH_PATHS = (
					"$(inherited)",
					"@executable_path/../Frameworks",
				);
				MARKETING_VERSION = 1.0;
				PRODUCT_BUNDLE_IDENTIFIER = "com.hylo.Aste-RISC";
				PRODUCT_NAME = "$(TARGET_NAME)";
				REGISTER_APP_GROUPS = YES;
				STRING_CATALOG_GENERATE_SYMBOLS = YES;
				SWIFT_APPROACHABLE_CONCURRENCY = YES;
				SWIFT_DEFAULT_ACTOR_ISOLATION = MainActor;
				SWIFT_EMIT_LOC_STRINGS = YES;
				SWIFT_OBJC_BRIDGING_HEADER = "Aste-RISC/Aste-RISC-Bridging-Header.h";
				SWIFT_UPCOMING_FEATURE_MEMBER_IMPORT_VISIBILITY = YES;
				SWIFT_VERSION = 5.0;
			};
			name = Release;
		};
/* End XCBuildConfiguration section */

/* Begin XCConfigurationList section */
		1FD053132E9ED36F00D734FD /* Build configuration list for PBXProject "RISKit" */ = {
			isa = XCConfigurationList;
			buildConfigurations = (
				1FD053212E9ED37100D734FD /* Debug */,
				1FD053222E9ED37100D734FD /* Release */,
			);
			defaultConfigurationIsVisible = 0;
			defaultConfigurationName = Release;
		};
		1FD053232E9ED37100D734FD /* Build configuration list for PBXNativeTarget "Aste-RISC" */ = {
			isa = XCConfigurationList;
			buildConfigurations = (
				1FD053242E9ED37100D734FD /* Debug */,
				1FD053252E9ED37100D734FD /* Release */,
			);
			defaultConfigurationIsVisible = 0;
			defaultConfigurationName = Release;
		};
/* End XCConfigurationList section */

/* Begin XCRemoteSwiftPackageReference section */
		1F041C712EA2A74500ED403A /* XCRemoteSwiftPackageReference "SwiftTerm" */ = {
			isa = XCRemoteSwiftPackageReference;
			repositoryURL = "https://github.com/migueldeicaza/SwiftTerm.git";
			requirement = {
				kind = upToNextMajorVersion;
				minimumVersion = 1.5.0;
			};
		};
		1FDCB3BC2EB1745A002866F1 /* XCRemoteSwiftPackageReference "FileSpotlight" */ = {
			isa = XCRemoteSwiftPackageReference;
			repositoryURL = "https://github.com/Hylo-dev/FileSpotlight.git";
			requirement = {
				branch = main;
				kind = branch;
			};
		};
		1FE7582E2EACBC79007E1897 /* XCRemoteSwiftPackageReference "CodeEditSourceEditor" */ = {
			isa = XCRemoteSwiftPackageReference;
			repositoryURL = "https://github.com/CodeEditApp/CodeEditSourceEditor.git";
			requirement = {
				kind = upToNextMajorVersion;
				minimumVersion = 0.15.2;
			};
		};
		EA29A30B2EB169AB007EB92F /* XCRemoteSwiftPackageReference "SwiftFlowPicker" */ = {
			isa = XCRemoteSwiftPackageReference;
			repositoryURL = "https://github.com/Hylo-dev/SwiftFlowPicker.git";
			requirement = {
				branch = main;
				kind = branch;
			};
		};
		EA9BB1ED2EBA0DDF00EC182D /* XCRemoteSwiftPackageReference "LanguageServer" */ = {
			isa = XCRemoteSwiftPackageReference;
			repositoryURL = "https://github.com/ChimeHQ/LanguageServer.git";
			requirement = {
				branch = main;
				kind = branch;
			};
		};
		EA9BB1F02EBA0DEB00EC182D /* XCRemoteSwiftPackageReference "LanguageClient" */ = {
			isa = XCRemoteSwiftPackageReference;
			repositoryURL = "https://github.com/ChimeHQ/LanguageClient.git";
			requirement = {
				kind = upToNextMajorVersion;
				minimumVersion = 0.8.2;
			};
		};
		EA9BB1F32EBA0DF300EC182D /* XCRemoteSwiftPackageReference "JSONRPC" */ = {
			isa = XCRemoteSwiftPackageReference;
			repositoryURL = "https://github.com/ChimeHQ/JSONRPC.git";
			requirement = {
				kind = upToNextMajorVersion;
				minimumVersion = 0.9.2;
			};
		};
		EA9BB1F62EBA0DFA00EC182D /* XCRemoteSwiftPackageReference "LanguageServerProtocol" */ = {
			isa = XCRemoteSwiftPackageReference;
			repositoryURL = "https://github.com/ChimeHQ/LanguageServerProtocol.git";
			requirement = {
				kind = upToNextMajorVersion;
				minimumVersion = 0.14.0;
			};
		};
/* End XCRemoteSwiftPackageReference section */

/* Begin XCSwiftPackageProductDependency section */
		1F041C722EA2A74500ED403A /* SwiftTerm */ = {
			isa = XCSwiftPackageProductDependency;
			package = 1F041C712EA2A74500ED403A /* XCRemoteSwiftPackageReference "SwiftTerm" */;
			productName = SwiftTerm;
		};
		1FDCB3BD2EB1745A002866F1 /* SpotlightView */ = {
			isa = XCSwiftPackageProductDependency;
			package = 1FDCB3BC2EB1745A002866F1 /* XCRemoteSwiftPackageReference "FileSpotlight" */;
			productName = SpotlightView;
		};
		1FE7582F2EACBC79007E1897 /* CodeEditSourceEditor */ = {
			isa = XCSwiftPackageProductDependency;
			package = 1FE7582E2EACBC79007E1897 /* XCRemoteSwiftPackageReference "CodeEditSourceEditor" */;
			productName = CodeEditSourceEditor;
		};
		EA29A30C2EB169AB007EB92F /* SegmentedFlowPicker */ = {
			isa = XCSwiftPackageProductDependency;
			package = EA29A30B2EB169AB007EB92F /* XCRemoteSwiftPackageReference "SwiftFlowPicker" */;
			productName = SegmentedFlowPicker;
		};
		EA9BB1EE2EBA0DDF00EC182D /* LanguageServer */ = {
			isa = XCSwiftPackageProductDependency;
			package = EA9BB1ED2EBA0DDF00EC182D /* XCRemoteSwiftPackageReference "LanguageServer" */;
			productName = LanguageServer;
		};
		EA9BB1F12EBA0DEB00EC182D /* LanguageClient */ = {
			isa = XCSwiftPackageProductDependency;
			package = EA9BB1F02EBA0DEB00EC182D /* XCRemoteSwiftPackageReference "LanguageClient" */;
			productName = LanguageClient;
		};
		EA9BB1F42EBA0DF300EC182D /* JSONRPC */ = {
			isa = XCSwiftPackageProductDependency;
			package = EA9BB1F32EBA0DF300EC182D /* XCRemoteSwiftPackageReference "JSONRPC" */;
			productName = JSONRPC;
		};
		EA9BB1F72EBA0DFA00EC182D /* LanguageServerProtocol */ = {
			isa = XCSwiftPackageProductDependency;
			package = EA9BB1F62EBA0DFA00EC182D /* XCRemoteSwiftPackageReference "LanguageServerProtocol" */;
			productName = LanguageServerProtocol;
		};
/* End XCSwiftPackageProductDependency section */
	};
	rootObject = 1FD053102E9ED36F00D734FD /* Project object */;
}
